
Microsoft Visual Studio Solution File, Format Version 12.00
# Visual Studio Version 17
VisualStudioVersion = 17.7.34003.232
MinimumVisualStudioVersion = 10.0.40219.1
Project("{FAE04EC0-301F-11D3-BF4B-00C04F79EFBC}") = "UserCrud", "UserCrud\UserCrud.csproj", "{CF4C32BC-A49A-4416-9301-CBB76B634443}"
EndProject
Project("{FAE04EC0-301F-11D3-BF4B-00C04F79EFBC}") = "UserTest", "UserTest\UserTest.csproj", "{07394F5B-535B-437A-A86D-92F83532057B}"
	ProjectSection(ProjectDependencies) = postProject
		{CF4C32BC-A49A-4416-9301-CBB76B634443} = {CF4C32BC-A49A-4416-9301-CBB76B634443}
	EndProjectSection
EndProject
Global
	GlobalSection(SolutionConfigurationPlatforms) = preSolution
		Debug|Any CPU = Debug|Any CPU
		Release|Any CPU = Release|Any CPU
	EndGlobalSection
	GlobalSection(ProjectConfigurationPlatforms) = postSolution
		{CF4C32BC-A49A-4416-9301-CBB76B634443}.Debug|Any CPU.ActiveCfg = Debug|Any CPU
		{CF4C32BC-A49A-4416-9301-CBB76B634443}.Debug|Any CPU.Build.0 = Debug|Any CPU
		{CF4C32BC-A49A-4416-9301-CBB76B634443}.Release|Any CPU.ActiveCfg = Release|Any CPU
		{CF4C32BC-A49A-4416-9301-CBB76B634443}.Release|Any CPU.Build.0 = Release|Any CPU
		{07394F5B-535B-437A-A86D-92F83532057B}.Debug|Any CPU.ActiveCfg = Debug|Any CPU
		{07394F5B-535B-437A-A86D-92F83532057B}.Debug|Any CPU.Build.0 = Debug|Any CPU
		{07394F5B-535B-437A-A86D-92F83532057B}.Release|Any CPU.ActiveCfg = Release|Any CPU
		{07394F5B-535B-437A-A86D-92F83532057B}.Release|Any CPU.Build.0 = Release|Any CPU
	EndGlobalSection
	GlobalSection(SolutionProperties) = preSolution
		HideSolutionNode = FALSE
	EndGlobalSection
	GlobalSection(ExtensibilityGlobals) = postSolution
		SolutionGuid = {F605F541-8C0A-4D78-97AB-BBC8332553F8}
	EndGlobalSection
EndGlobal
